
Microsoft Visual Studio Solution File, Format Version 12.00
# Visual Studio Version 16
VisualStudioVersion = 16.0.30621.155
MinimumVisualStudioVersion = 10.0.40219.1
Project("{D954291E-2A0B-460D-934E-DC6B0785DB48}") = "Uno.MicrosoftExtensions.Shared", "Uno.MicrosoftExtensions\Uno.MicrosoftExtensions.Shared\Uno.MicrosoftExtensions.Shared.shproj", "{6279C845-92F8-4333-AB99-3D213163593C}"
EndProject
Project("{FAE04EC0-301F-11D3-BF4B-00C04F79EFBC}") = "Uno.MicrosoftExtensions.Droid", "Uno.MicrosoftExtensions\Uno.MicrosoftExtensions.Droid\Uno.MicrosoftExtensions.Droid.csproj", "{8B8874BD-60EA-4AC0-8589-218CCF4D1005}"
EndProject
Project("{FAE04EC0-301F-11D3-BF4B-00C04F79EFBC}") = "Uno.MicrosoftExtensions.iOS", "Uno.MicrosoftExtensions\Uno.MicrosoftExtensions.iOS\Uno.MicrosoftExtensions.iOS.csproj", "{FDF7CAD9-6560-46D1-8BE8-EAF051A17757}"
EndProject
Project("{FAE04EC0-301F-11D3-BF4B-00C04F79EFBC}") = "Uno.MicrosoftExtensions.UWP", "Uno.MicrosoftExtensions\Uno.MicrosoftExtensions.UWP\Uno.MicrosoftExtensions.UWP.csproj", "{9780CBEB-E1FA-4E53-ADCB-A3EB179266E1}"
EndProject
Project("{FAE04EC0-301F-11D3-BF4B-00C04F79EFBC}") = "Uno.MicrosoftExtensions.Wasm", "Uno.MicrosoftExtensions\Uno.MicrosoftExtensions.Wasm\Uno.MicrosoftExtensions.Wasm.csproj", "{0CC3F1D2-A34D-492E-A72C-DB51587C2E70}"
EndProject
Project("{FAE04EC0-301F-11D3-BF4B-00C04F79EFBC}") = "Uno.MicrosoftExtensions.macOS", "Uno.MicrosoftExtensions\Uno.MicrosoftExtensions.macOS\Uno.MicrosoftExtensions.macOS.csproj", "{47C42BDD-1774-43D1-A3C9-F4A7261190B6}"
EndProject
Project("{FAE04EC0-301F-11D3-BF4B-00C04F79EFBC}") = "Uno.MicrosoftExtensions.Skia.Wpf.Host", "Uno.MicrosoftExtensions\Uno.MicrosoftExtensions.Skia.Wpf.Host\Uno.MicrosoftExtensions.Skia.Wpf.Host.csproj", "{4FF00295-948C-4D76-8412-8C8CEF2BD7A7}"
EndProject
Project("{FAE04EC0-301F-11D3-BF4B-00C04F79EFBC}") = "Uno.MicrosoftExtensions.Skia.Wpf", "Uno.MicrosoftExtensions\Uno.MicrosoftExtensions.Skia.Wpf\Uno.MicrosoftExtensions.Skia.Wpf.csproj", "{0B4AEF48-88E9-40F7-84D7-78E18B598046}"
EndProject
Project("{FAE04EC0-301F-11D3-BF4B-00C04F79EFBC}") = "Uno.MicrosoftExtensions.Skia.Gtk", "Uno.MicrosoftExtensions\Uno.MicrosoftExtensions.Skia.Gtk\Uno.MicrosoftExtensions.Skia.Gtk.csproj", "{EC1AF67F-03D7-4C1A-B621-4EA76196C6D4}"
EndProject
Global
	GlobalSection(SharedMSBuildProjectFiles) = preSolution
		Uno.MicrosoftExtensions\Uno.MicrosoftExtensions.Shared\Uno.MicrosoftExtensions.Shared.projitems*{0b4aef48-88e9-40f7-84d7-78e18b598046}*SharedItemsImports = 5
		Uno.MicrosoftExtensions\Uno.MicrosoftExtensions.Shared\Uno.MicrosoftExtensions.Shared.projitems*{0cc3f1d2-a34d-492e-a72c-db51587c2e70}*SharedItemsImports = 5
		Uno.MicrosoftExtensions\Uno.MicrosoftExtensions.Shared\Uno.MicrosoftExtensions.Shared.projitems*{47c42bdd-1774-43d1-a3c9-f4a7261190b6}*SharedItemsImports = 4
		Uno.MicrosoftExtensions\Uno.MicrosoftExtensions.Shared\Uno.MicrosoftExtensions.Shared.projitems*{6279c845-92f8-4333-ab99-3d213163593c}*SharedItemsImports = 13
		Uno.MicrosoftExtensions\Uno.MicrosoftExtensions.Shared\Uno.MicrosoftExtensions.Shared.projitems*{8b8874bd-60ea-4ac0-8589-218ccf4d1005}*SharedItemsImports = 4
		Uno.MicrosoftExtensions\Uno.MicrosoftExtensions.Shared\Uno.MicrosoftExtensions.Shared.projitems*{9780cbeb-e1fa-4e53-adcb-a3eb179266e1}*SharedItemsImports = 4
		Uno.MicrosoftExtensions\Uno.MicrosoftExtensions.Shared\Uno.MicrosoftExtensions.Shared.projitems*{ec1af67f-03d7-4c1a-b621-4ea76196c6d4}*SharedItemsImports = 5
		Uno.MicrosoftExtensions\Uno.MicrosoftExtensions.Shared\Uno.MicrosoftExtensions.Shared.projitems*{fdf7cad9-6560-46d1-8be8-eaf051a17757}*SharedItemsImports = 4
	EndGlobalSection
	GlobalSection(SolutionConfigurationPlatforms) = preSolution
		Ad-Hoc|Any CPU = Ad-Hoc|Any CPU
		Ad-Hoc|ARM = Ad-Hoc|ARM
		Ad-Hoc|ARM64 = Ad-Hoc|ARM64
		Ad-Hoc|iPhone = Ad-Hoc|iPhone
		Ad-Hoc|iPhoneSimulator = Ad-Hoc|iPhoneSimulator
		Ad-Hoc|x64 = Ad-Hoc|x64
		Ad-Hoc|x86 = Ad-Hoc|x86
		AppStore|Any CPU = AppStore|Any CPU
		AppStore|ARM = AppStore|ARM
		AppStore|ARM64 = AppStore|ARM64
		AppStore|iPhone = AppStore|iPhone
		AppStore|iPhoneSimulator = AppStore|iPhoneSimulator
		AppStore|x64 = AppStore|x64
		AppStore|x86 = AppStore|x86
		Debug|Any CPU = Debug|Any CPU
		Debug|ARM = Debug|ARM
		Debug|ARM64 = Debug|ARM64
		Debug|iPhone = Debug|iPhone
		Debug|iPhoneSimulator = Debug|iPhoneSimulator
		Debug|x64 = Debug|x64
		Debug|x86 = Debug|x86
		Release|Any CPU = Release|Any CPU
		Release|ARM = Release|ARM
		Release|ARM64 = Release|ARM64
		Release|iPhone = Release|iPhone
		Release|iPhoneSimulator = Release|iPhoneSimulator
		Release|x64 = Release|x64
		Release|x86 = Release|x86
	EndGlobalSection
	GlobalSection(ProjectConfigurationPlatforms) = postSolution
		{8B8874BD-60EA-4AC0-8589-218CCF4D1005}.Ad-Hoc|Any CPU.ActiveCfg = Debug|Any CPU
		{8B8874BD-60EA-4AC0-8589-218CCF4D1005}.Ad-Hoc|Any CPU.Build.0 = Debug|Any CPU
		{8B8874BD-60EA-4AC0-8589-218CCF4D1005}.Ad-Hoc|Any CPU.Deploy.0 = Debug|Any CPU
		{8B8874BD-60EA-4AC0-8589-218CCF4D1005}.Ad-Hoc|ARM.ActiveCfg = Debug|Any CPU
		{8B8874BD-60EA-4AC0-8589-218CCF4D1005}.Ad-Hoc|ARM.Build.0 = Debug|Any CPU
		{8B8874BD-60EA-4AC0-8589-218CCF4D1005}.Ad-Hoc|ARM.Deploy.0 = Debug|Any CPU
		{8B8874BD-60EA-4AC0-8589-218CCF4D1005}.Ad-Hoc|ARM64.ActiveCfg = Debug|Any CPU
		{8B8874BD-60EA-4AC0-8589-218CCF4D1005}.Ad-Hoc|ARM64.Build.0 = Debug|Any CPU
		{8B8874BD-60EA-4AC0-8589-218CCF4D1005}.Ad-Hoc|ARM64.Deploy.0 = Debug|Any CPU
		{8B8874BD-60EA-4AC0-8589-218CCF4D1005}.Ad-Hoc|iPhone.ActiveCfg = Debug|Any CPU
		{8B8874BD-60EA-4AC0-8589-218CCF4D1005}.Ad-Hoc|iPhone.Build.0 = Debug|Any CPU
		{8B8874BD-60EA-4AC0-8589-218CCF4D1005}.Ad-Hoc|iPhone.Deploy.0 = Debug|Any CPU
		{8B8874BD-60EA-4AC0-8589-218CCF4D1005}.Ad-Hoc|iPhoneSimulator.ActiveCfg = Debug|Any CPU
		{8B8874BD-60EA-4AC0-8589-218CCF4D1005}.Ad-Hoc|iPhoneSimulator.Build.0 = Debug|Any CPU
		{8B8874BD-60EA-4AC0-8589-218CCF4D1005}.Ad-Hoc|iPhoneSimulator.Deploy.0 = Debug|Any CPU
		{8B8874BD-60EA-4AC0-8589-218CCF4D1005}.Ad-Hoc|x64.ActiveCfg = Debug|Any CPU
		{8B8874BD-60EA-4AC0-8589-218CCF4D1005}.Ad-Hoc|x64.Build.0 = Debug|Any CPU
		{8B8874BD-60EA-4AC0-8589-218CCF4D1005}.Ad-Hoc|x64.Deploy.0 = Debug|Any CPU
		{8B8874BD-60EA-4AC0-8589-218CCF4D1005}.Ad-Hoc|x86.ActiveCfg = Debug|Any CPU
		{8B8874BD-60EA-4AC0-8589-218CCF4D1005}.Ad-Hoc|x86.Build.0 = Debug|Any CPU
		{8B8874BD-60EA-4AC0-8589-218CCF4D1005}.Ad-Hoc|x86.Deploy.0 = Debug|Any CPU
		{8B8874BD-60EA-4AC0-8589-218CCF4D1005}.AppStore|Any CPU.ActiveCfg = Debug|Any CPU
		{8B8874BD-60EA-4AC0-8589-218CCF4D1005}.AppStore|Any CPU.Build.0 = Debug|Any CPU
		{8B8874BD-60EA-4AC0-8589-218CCF4D1005}.AppStore|Any CPU.Deploy.0 = Debug|Any CPU
		{8B8874BD-60EA-4AC0-8589-218CCF4D1005}.AppStore|ARM.ActiveCfg = Debug|Any CPU
		{8B8874BD-60EA-4AC0-8589-218CCF4D1005}.AppStore|ARM.Build.0 = Debug|Any CPU
		{8B8874BD-60EA-4AC0-8589-218CCF4D1005}.AppStore|ARM.Deploy.0 = Debug|Any CPU
		{8B8874BD-60EA-4AC0-8589-218CCF4D1005}.AppStore|ARM64.ActiveCfg = Debug|Any CPU
		{8B8874BD-60EA-4AC0-8589-218CCF4D1005}.AppStore|ARM64.Build.0 = Debug|Any CPU
		{8B8874BD-60EA-4AC0-8589-218CCF4D1005}.AppStore|ARM64.Deploy.0 = Debug|Any CPU
		{8B8874BD-60EA-4AC0-8589-218CCF4D1005}.AppStore|iPhone.ActiveCfg = Debug|Any CPU
		{8B8874BD-60EA-4AC0-8589-218CCF4D1005}.AppStore|iPhone.Build.0 = Debug|Any CPU
		{8B8874BD-60EA-4AC0-8589-218CCF4D1005}.AppStore|iPhone.Deploy.0 = Debug|Any CPU
		{8B8874BD-60EA-4AC0-8589-218CCF4D1005}.AppStore|iPhoneSimulator.ActiveCfg = Debug|Any CPU
		{8B8874BD-60EA-4AC0-8589-218CCF4D1005}.AppStore|iPhoneSimulator.Build.0 = Debug|Any CPU
		{8B8874BD-60EA-4AC0-8589-218CCF4D1005}.AppStore|iPhoneSimulator.Deploy.0 = Debug|Any CPU
		{8B8874BD-60EA-4AC0-8589-218CCF4D1005}.AppStore|x64.ActiveCfg = Debug|Any CPU
		{8B8874BD-60EA-4AC0-8589-218CCF4D1005}.AppStore|x64.Build.0 = Debug|Any CPU
		{8B8874BD-60EA-4AC0-8589-218CCF4D1005}.AppStore|x64.Deploy.0 = Debug|Any CPU
		{8B8874BD-60EA-4AC0-8589-218CCF4D1005}.AppStore|x86.ActiveCfg = Debug|Any CPU
		{8B8874BD-60EA-4AC0-8589-218CCF4D1005}.AppStore|x86.Build.0 = Debug|Any CPU
		{8B8874BD-60EA-4AC0-8589-218CCF4D1005}.AppStore|x86.Deploy.0 = Debug|Any CPU
		{8B8874BD-60EA-4AC0-8589-218CCF4D1005}.Debug|Any CPU.ActiveCfg = Debug|Any CPU
		{8B8874BD-60EA-4AC0-8589-218CCF4D1005}.Debug|Any CPU.Build.0 = Debug|Any CPU
		{8B8874BD-60EA-4AC0-8589-218CCF4D1005}.Debug|Any CPU.Deploy.0 = Debug|Any CPU
		{8B8874BD-60EA-4AC0-8589-218CCF4D1005}.Debug|ARM.ActiveCfg = Debug|Any CPU
		{8B8874BD-60EA-4AC0-8589-218CCF4D1005}.Debug|ARM.Build.0 = Debug|Any CPU
		{8B8874BD-60EA-4AC0-8589-218CCF4D1005}.Debug|ARM.Deploy.0 = Debug|Any CPU
		{8B8874BD-60EA-4AC0-8589-218CCF4D1005}.Debug|ARM64.ActiveCfg = Debug|Any CPU
		{8B8874BD-60EA-4AC0-8589-218CCF4D1005}.Debug|ARM64.Build.0 = Debug|Any CPU
		{8B8874BD-60EA-4AC0-8589-218CCF4D1005}.Debug|ARM64.Deploy.0 = Debug|Any CPU
		{8B8874BD-60EA-4AC0-8589-218CCF4D1005}.Debug|iPhone.ActiveCfg = Debug|Any CPU
		{8B8874BD-60EA-4AC0-8589-218CCF4D1005}.Debug|iPhone.Build.0 = Debug|Any CPU
		{8B8874BD-60EA-4AC0-8589-218CCF4D1005}.Debug|iPhone.Deploy.0 = Debug|Any CPU
		{8B8874BD-60EA-4AC0-8589-218CCF4D1005}.Debug|iPhoneSimulator.ActiveCfg = Debug|Any CPU
		{8B8874BD-60EA-4AC0-8589-218CCF4D1005}.Debug|iPhoneSimulator.Build.0 = Debug|Any CPU
		{8B8874BD-60EA-4AC0-8589-218CCF4D1005}.Debug|iPhoneSimulator.Deploy.0 = Debug|Any CPU
		{8B8874BD-60EA-4AC0-8589-218CCF4D1005}.Debug|x64.ActiveCfg = Debug|Any CPU
		{8B8874BD-60EA-4AC0-8589-218CCF4D1005}.Debug|x64.Build.0 = Debug|Any CPU
		{8B8874BD-60EA-4AC0-8589-218CCF4D1005}.Debug|x64.Deploy.0 = Debug|Any CPU
		{8B8874BD-60EA-4AC0-8589-218CCF4D1005}.Debug|x86.ActiveCfg = Debug|Any CPU
		{8B8874BD-60EA-4AC0-8589-218CCF4D1005}.Debug|x86.Build.0 = Debug|Any CPU
		{8B8874BD-60EA-4AC0-8589-218CCF4D1005}.Debug|x86.Deploy.0 = Debug|Any CPU
		{8B8874BD-60EA-4AC0-8589-218CCF4D1005}.Release|Any CPU.ActiveCfg = Release|Any CPU
		{8B8874BD-60EA-4AC0-8589-218CCF4D1005}.Release|Any CPU.Build.0 = Release|Any CPU
		{8B8874BD-60EA-4AC0-8589-218CCF4D1005}.Release|Any CPU.Deploy.0 = Release|Any CPU
		{8B8874BD-60EA-4AC0-8589-218CCF4D1005}.Release|ARM.ActiveCfg = Release|Any CPU
		{8B8874BD-60EA-4AC0-8589-218CCF4D1005}.Release|ARM.Build.0 = Release|Any CPU
		{8B8874BD-60EA-4AC0-8589-218CCF4D1005}.Release|ARM.Deploy.0 = Release|Any CPU
		{8B8874BD-60EA-4AC0-8589-218CCF4D1005}.Release|ARM64.ActiveCfg = Release|Any CPU
		{8B8874BD-60EA-4AC0-8589-218CCF4D1005}.Release|ARM64.Build.0 = Release|Any CPU
		{8B8874BD-60EA-4AC0-8589-218CCF4D1005}.Release|ARM64.Deploy.0 = Release|Any CPU
		{8B8874BD-60EA-4AC0-8589-218CCF4D1005}.Release|iPhone.ActiveCfg = Release|Any CPU
		{8B8874BD-60EA-4AC0-8589-218CCF4D1005}.Release|iPhone.Build.0 = Release|Any CPU
		{8B8874BD-60EA-4AC0-8589-218CCF4D1005}.Release|iPhone.Deploy.0 = Release|Any CPU
		{8B8874BD-60EA-4AC0-8589-218CCF4D1005}.Release|iPhoneSimulator.ActiveCfg = Release|Any CPU
		{8B8874BD-60EA-4AC0-8589-218CCF4D1005}.Release|iPhoneSimulator.Build.0 = Release|Any CPU
		{8B8874BD-60EA-4AC0-8589-218CCF4D1005}.Release|iPhoneSimulator.Deploy.0 = Release|Any CPU
		{8B8874BD-60EA-4AC0-8589-218CCF4D1005}.Release|x64.ActiveCfg = Release|Any CPU
		{8B8874BD-60EA-4AC0-8589-218CCF4D1005}.Release|x64.Build.0 = Release|Any CPU
		{8B8874BD-60EA-4AC0-8589-218CCF4D1005}.Release|x64.Deploy.0 = Release|Any CPU
		{8B8874BD-60EA-4AC0-8589-218CCF4D1005}.Release|x86.ActiveCfg = Release|Any CPU
		{8B8874BD-60EA-4AC0-8589-218CCF4D1005}.Release|x86.Build.0 = Release|Any CPU
		{8B8874BD-60EA-4AC0-8589-218CCF4D1005}.Release|x86.Deploy.0 = Release|Any CPU
		{FDF7CAD9-6560-46D1-8BE8-EAF051A17757}.Ad-Hoc|Any CPU.ActiveCfg = Ad-Hoc|iPhoneSimulator
		{FDF7CAD9-6560-46D1-8BE8-EAF051A17757}.Ad-Hoc|ARM.ActiveCfg = Ad-Hoc|iPhoneSimulator
		{FDF7CAD9-6560-46D1-8BE8-EAF051A17757}.Ad-Hoc|ARM64.ActiveCfg = Ad-Hoc|iPhoneSimulator
		{FDF7CAD9-6560-46D1-8BE8-EAF051A17757}.Ad-Hoc|iPhone.ActiveCfg = Ad-Hoc|iPhone
		{FDF7CAD9-6560-46D1-8BE8-EAF051A17757}.Ad-Hoc|iPhone.Build.0 = Ad-Hoc|iPhone
		{FDF7CAD9-6560-46D1-8BE8-EAF051A17757}.Ad-Hoc|iPhoneSimulator.ActiveCfg = Ad-Hoc|iPhoneSimulator
		{FDF7CAD9-6560-46D1-8BE8-EAF051A17757}.Ad-Hoc|iPhoneSimulator.Build.0 = Ad-Hoc|iPhoneSimulator
		{FDF7CAD9-6560-46D1-8BE8-EAF051A17757}.Ad-Hoc|x64.ActiveCfg = Ad-Hoc|iPhoneSimulator
		{FDF7CAD9-6560-46D1-8BE8-EAF051A17757}.Ad-Hoc|x86.ActiveCfg = Ad-Hoc|iPhoneSimulator
		{FDF7CAD9-6560-46D1-8BE8-EAF051A17757}.AppStore|Any CPU.ActiveCfg = AppStore|iPhoneSimulator
		{FDF7CAD9-6560-46D1-8BE8-EAF051A17757}.AppStore|ARM.ActiveCfg = AppStore|iPhoneSimulator
		{FDF7CAD9-6560-46D1-8BE8-EAF051A17757}.AppStore|ARM64.ActiveCfg = AppStore|iPhoneSimulator
		{FDF7CAD9-6560-46D1-8BE8-EAF051A17757}.AppStore|iPhone.ActiveCfg = AppStore|iPhone
		{FDF7CAD9-6560-46D1-8BE8-EAF051A17757}.AppStore|iPhone.Build.0 = AppStore|iPhone
		{FDF7CAD9-6560-46D1-8BE8-EAF051A17757}.AppStore|iPhoneSimulator.ActiveCfg = AppStore|iPhoneSimulator
		{FDF7CAD9-6560-46D1-8BE8-EAF051A17757}.AppStore|iPhoneSimulator.Build.0 = AppStore|iPhoneSimulator
		{FDF7CAD9-6560-46D1-8BE8-EAF051A17757}.AppStore|x64.ActiveCfg = AppStore|iPhoneSimulator
		{FDF7CAD9-6560-46D1-8BE8-EAF051A17757}.AppStore|x86.ActiveCfg = AppStore|iPhoneSimulator
		{FDF7CAD9-6560-46D1-8BE8-EAF051A17757}.Debug|Any CPU.ActiveCfg = Debug|iPhoneSimulator
		{FDF7CAD9-6560-46D1-8BE8-EAF051A17757}.Debug|ARM.ActiveCfg = Debug|iPhoneSimulator
		{FDF7CAD9-6560-46D1-8BE8-EAF051A17757}.Debug|ARM64.ActiveCfg = Debug|iPhoneSimulator
		{FDF7CAD9-6560-46D1-8BE8-EAF051A17757}.Debug|iPhone.ActiveCfg = Debug|iPhone
		{FDF7CAD9-6560-46D1-8BE8-EAF051A17757}.Debug|iPhone.Build.0 = Debug|iPhone
		{FDF7CAD9-6560-46D1-8BE8-EAF051A17757}.Debug|iPhoneSimulator.ActiveCfg = Debug|iPhoneSimulator
		{FDF7CAD9-6560-46D1-8BE8-EAF051A17757}.Debug|iPhoneSimulator.Build.0 = Debug|iPhoneSimulator
		{FDF7CAD9-6560-46D1-8BE8-EAF051A17757}.Debug|x64.ActiveCfg = Debug|iPhoneSimulator
		{FDF7CAD9-6560-46D1-8BE8-EAF051A17757}.Debug|x86.ActiveCfg = Debug|iPhoneSimulator
		{FDF7CAD9-6560-46D1-8BE8-EAF051A17757}.Release|Any CPU.ActiveCfg = Release|iPhoneSimulator
		{FDF7CAD9-6560-46D1-8BE8-EAF051A17757}.Release|ARM.ActiveCfg = Release|iPhoneSimulator
		{FDF7CAD9-6560-46D1-8BE8-EAF051A17757}.Release|ARM64.ActiveCfg = Release|iPhoneSimulator
		{FDF7CAD9-6560-46D1-8BE8-EAF051A17757}.Release|iPhone.ActiveCfg = Release|iPhone
		{FDF7CAD9-6560-46D1-8BE8-EAF051A17757}.Release|iPhone.Build.0 = Release|iPhone
		{FDF7CAD9-6560-46D1-8BE8-EAF051A17757}.Release|iPhoneSimulator.ActiveCfg = Release|iPhoneSimulator
		{FDF7CAD9-6560-46D1-8BE8-EAF051A17757}.Release|iPhoneSimulator.Build.0 = Release|iPhoneSimulator
		{FDF7CAD9-6560-46D1-8BE8-EAF051A17757}.Release|x64.ActiveCfg = Release|iPhoneSimulator
		{FDF7CAD9-6560-46D1-8BE8-EAF051A17757}.Release|x86.ActiveCfg = Release|iPhoneSimulator
		{9780CBEB-E1FA-4E53-ADCB-A3EB179266E1}.Ad-Hoc|Any CPU.ActiveCfg = Debug|x86
		{9780CBEB-E1FA-4E53-ADCB-A3EB179266E1}.Ad-Hoc|Any CPU.Build.0 = Debug|x86
		{9780CBEB-E1FA-4E53-ADCB-A3EB179266E1}.Ad-Hoc|Any CPU.Deploy.0 = Debug|x86
		{9780CBEB-E1FA-4E53-ADCB-A3EB179266E1}.Ad-Hoc|ARM.ActiveCfg = Debug|ARM
		{9780CBEB-E1FA-4E53-ADCB-A3EB179266E1}.Ad-Hoc|ARM.Build.0 = Debug|ARM
		{9780CBEB-E1FA-4E53-ADCB-A3EB179266E1}.Ad-Hoc|ARM.Deploy.0 = Debug|ARM
		{9780CBEB-E1FA-4E53-ADCB-A3EB179266E1}.Ad-Hoc|ARM64.ActiveCfg = Debug|ARM64
		{9780CBEB-E1FA-4E53-ADCB-A3EB179266E1}.Ad-Hoc|ARM64.Build.0 = Debug|ARM64
		{9780CBEB-E1FA-4E53-ADCB-A3EB179266E1}.Ad-Hoc|ARM64.Deploy.0 = Debug|ARM64
		{9780CBEB-E1FA-4E53-ADCB-A3EB179266E1}.Ad-Hoc|iPhone.ActiveCfg = Debug|x86
		{9780CBEB-E1FA-4E53-ADCB-A3EB179266E1}.Ad-Hoc|iPhone.Build.0 = Debug|x86
		{9780CBEB-E1FA-4E53-ADCB-A3EB179266E1}.Ad-Hoc|iPhone.Deploy.0 = Debug|x86
		{9780CBEB-E1FA-4E53-ADCB-A3EB179266E1}.Ad-Hoc|iPhoneSimulator.ActiveCfg = Debug|x86
		{9780CBEB-E1FA-4E53-ADCB-A3EB179266E1}.Ad-Hoc|iPhoneSimulator.Build.0 = Debug|x86
		{9780CBEB-E1FA-4E53-ADCB-A3EB179266E1}.Ad-Hoc|iPhoneSimulator.Deploy.0 = Debug|x86
		{9780CBEB-E1FA-4E53-ADCB-A3EB179266E1}.Ad-Hoc|x64.ActiveCfg = Debug|x64
		{9780CBEB-E1FA-4E53-ADCB-A3EB179266E1}.Ad-Hoc|x64.Build.0 = Debug|x64
		{9780CBEB-E1FA-4E53-ADCB-A3EB179266E1}.Ad-Hoc|x64.Deploy.0 = Debug|x64
		{9780CBEB-E1FA-4E53-ADCB-A3EB179266E1}.Ad-Hoc|x86.ActiveCfg = Debug|x86
		{9780CBEB-E1FA-4E53-ADCB-A3EB179266E1}.Ad-Hoc|x86.Build.0 = Debug|x86
		{9780CBEB-E1FA-4E53-ADCB-A3EB179266E1}.Ad-Hoc|x86.Deploy.0 = Debug|x86
		{9780CBEB-E1FA-4E53-ADCB-A3EB179266E1}.AppStore|Any CPU.ActiveCfg = Debug|x86
		{9780CBEB-E1FA-4E53-ADCB-A3EB179266E1}.AppStore|Any CPU.Build.0 = Debug|x86
		{9780CBEB-E1FA-4E53-ADCB-A3EB179266E1}.AppStore|Any CPU.Deploy.0 = Debug|x86
		{9780CBEB-E1FA-4E53-ADCB-A3EB179266E1}.AppStore|ARM.ActiveCfg = Debug|ARM
		{9780CBEB-E1FA-4E53-ADCB-A3EB179266E1}.AppStore|ARM.Build.0 = Debug|ARM
		{9780CBEB-E1FA-4E53-ADCB-A3EB179266E1}.AppStore|ARM.Deploy.0 = Debug|ARM
		{9780CBEB-E1FA-4E53-ADCB-A3EB179266E1}.AppStore|ARM64.ActiveCfg = Debug|ARM64
		{9780CBEB-E1FA-4E53-ADCB-A3EB179266E1}.AppStore|ARM64.Build.0 = Debug|ARM64
		{9780CBEB-E1FA-4E53-ADCB-A3EB179266E1}.AppStore|ARM64.Deploy.0 = Debug|ARM64
		{9780CBEB-E1FA-4E53-ADCB-A3EB179266E1}.AppStore|iPhone.ActiveCfg = Debug|x86
		{9780CBEB-E1FA-4E53-ADCB-A3EB179266E1}.AppStore|iPhone.Build.0 = Debug|x86
		{9780CBEB-E1FA-4E53-ADCB-A3EB179266E1}.AppStore|iPhone.Deploy.0 = Debug|x86
		{9780CBEB-E1FA-4E53-ADCB-A3EB179266E1}.AppStore|iPhoneSimulator.ActiveCfg = Debug|x86
		{9780CBEB-E1FA-4E53-ADCB-A3EB179266E1}.AppStore|iPhoneSimulator.Build.0 = Debug|x86
		{9780CBEB-E1FA-4E53-ADCB-A3EB179266E1}.AppStore|iPhoneSimulator.Deploy.0 = Debug|x86
		{9780CBEB-E1FA-4E53-ADCB-A3EB179266E1}.AppStore|x64.ActiveCfg = Debug|x64
		{9780CBEB-E1FA-4E53-ADCB-A3EB179266E1}.AppStore|x64.Build.0 = Debug|x64
		{9780CBEB-E1FA-4E53-ADCB-A3EB179266E1}.AppStore|x64.Deploy.0 = Debug|x64
		{9780CBEB-E1FA-4E53-ADCB-A3EB179266E1}.AppStore|x86.ActiveCfg = Debug|x86
		{9780CBEB-E1FA-4E53-ADCB-A3EB179266E1}.AppStore|x86.Build.0 = Debug|x86
		{9780CBEB-E1FA-4E53-ADCB-A3EB179266E1}.AppStore|x86.Deploy.0 = Debug|x86
		{9780CBEB-E1FA-4E53-ADCB-A3EB179266E1}.Debug|Any CPU.ActiveCfg = Debug|x86
		{9780CBEB-E1FA-4E53-ADCB-A3EB179266E1}.Debug|ARM.ActiveCfg = Debug|ARM
		{9780CBEB-E1FA-4E53-ADCB-A3EB179266E1}.Debug|ARM.Build.0 = Debug|ARM
		{9780CBEB-E1FA-4E53-ADCB-A3EB179266E1}.Debug|ARM.Deploy.0 = Debug|ARM
		{9780CBEB-E1FA-4E53-ADCB-A3EB179266E1}.Debug|ARM64.ActiveCfg = Debug|ARM64
		{9780CBEB-E1FA-4E53-ADCB-A3EB179266E1}.Debug|ARM64.Build.0 = Debug|ARM64
		{9780CBEB-E1FA-4E53-ADCB-A3EB179266E1}.Debug|ARM64.Deploy.0 = Debug|ARM64
		{9780CBEB-E1FA-4E53-ADCB-A3EB179266E1}.Debug|iPhone.ActiveCfg = Debug|x86
		{9780CBEB-E1FA-4E53-ADCB-A3EB179266E1}.Debug|iPhoneSimulator.ActiveCfg = Debug|x86
		{9780CBEB-E1FA-4E53-ADCB-A3EB179266E1}.Debug|x64.ActiveCfg = Debug|x64
		{9780CBEB-E1FA-4E53-ADCB-A3EB179266E1}.Debug|x64.Build.0 = Debug|x64
		{9780CBEB-E1FA-4E53-ADCB-A3EB179266E1}.Debug|x64.Deploy.0 = Debug|x64
		{9780CBEB-E1FA-4E53-ADCB-A3EB179266E1}.Debug|x86.ActiveCfg = Debug|x86
		{9780CBEB-E1FA-4E53-ADCB-A3EB179266E1}.Debug|x86.Build.0 = Debug|x86
		{9780CBEB-E1FA-4E53-ADCB-A3EB179266E1}.Debug|x86.Deploy.0 = Debug|x86
		{9780CBEB-E1FA-4E53-ADCB-A3EB179266E1}.Release|Any CPU.ActiveCfg = Release|x86
		{9780CBEB-E1FA-4E53-ADCB-A3EB179266E1}.Release|ARM.ActiveCfg = Release|ARM
		{9780CBEB-E1FA-4E53-ADCB-A3EB179266E1}.Release|ARM.Build.0 = Release|ARM
		{9780CBEB-E1FA-4E53-ADCB-A3EB179266E1}.Release|ARM.Deploy.0 = Release|ARM
		{9780CBEB-E1FA-4E53-ADCB-A3EB179266E1}.Release|ARM64.ActiveCfg = Release|ARM64
		{9780CBEB-E1FA-4E53-ADCB-A3EB179266E1}.Release|ARM64.Build.0 = Release|ARM64
		{9780CBEB-E1FA-4E53-ADCB-A3EB179266E1}.Release|ARM64.Deploy.0 = Release|ARM64
		{9780CBEB-E1FA-4E53-ADCB-A3EB179266E1}.Release|iPhone.ActiveCfg = Release|x86
		{9780CBEB-E1FA-4E53-ADCB-A3EB179266E1}.Release|iPhoneSimulator.ActiveCfg = Release|x86
		{9780CBEB-E1FA-4E53-ADCB-A3EB179266E1}.Release|x64.ActiveCfg = Release|x64
		{9780CBEB-E1FA-4E53-ADCB-A3EB179266E1}.Release|x64.Build.0 = Release|x64
		{9780CBEB-E1FA-4E53-ADCB-A3EB179266E1}.Release|x64.Deploy.0 = Release|x64
		{9780CBEB-E1FA-4E53-ADCB-A3EB179266E1}.Release|x86.ActiveCfg = Release|x86
		{9780CBEB-E1FA-4E53-ADCB-A3EB179266E1}.Release|x86.Build.0 = Release|x86
		{9780CBEB-E1FA-4E53-ADCB-A3EB179266E1}.Release|x86.Deploy.0 = Release|x86
		{0CC3F1D2-A34D-492E-A72C-DB51587C2E70}.Ad-Hoc|Any CPU.ActiveCfg = Release|Any CPU
		{0CC3F1D2-A34D-492E-A72C-DB51587C2E70}.Ad-Hoc|Any CPU.Build.0 = Release|Any CPU
		{0CC3F1D2-A34D-492E-A72C-DB51587C2E70}.Ad-Hoc|ARM.ActiveCfg = Release|Any CPU
		{0CC3F1D2-A34D-492E-A72C-DB51587C2E70}.Ad-Hoc|ARM.Build.0 = Release|Any CPU
		{0CC3F1D2-A34D-492E-A72C-DB51587C2E70}.Ad-Hoc|ARM64.ActiveCfg = Release|Any CPU
		{0CC3F1D2-A34D-492E-A72C-DB51587C2E70}.Ad-Hoc|ARM64.Build.0 = Release|Any CPU
		{0CC3F1D2-A34D-492E-A72C-DB51587C2E70}.Ad-Hoc|iPhone.ActiveCfg = Release|Any CPU
		{0CC3F1D2-A34D-492E-A72C-DB51587C2E70}.Ad-Hoc|iPhone.Build.0 = Release|Any CPU
		{0CC3F1D2-A34D-492E-A72C-DB51587C2E70}.Ad-Hoc|iPhoneSimulator.ActiveCfg = Release|Any CPU
		{0CC3F1D2-A34D-492E-A72C-DB51587C2E70}.Ad-Hoc|iPhoneSimulator.Build.0 = Release|Any CPU
		{0CC3F1D2-A34D-492E-A72C-DB51587C2E70}.Ad-Hoc|x64.ActiveCfg = Release|Any CPU
		{0CC3F1D2-A34D-492E-A72C-DB51587C2E70}.Ad-Hoc|x64.Build.0 = Release|Any CPU
		{0CC3F1D2-A34D-492E-A72C-DB51587C2E70}.Ad-Hoc|x86.ActiveCfg = Release|Any CPU
		{0CC3F1D2-A34D-492E-A72C-DB51587C2E70}.Ad-Hoc|x86.Build.0 = Release|Any CPU
		{0CC3F1D2-A34D-492E-A72C-DB51587C2E70}.AppStore|Any CPU.ActiveCfg = Release|Any CPU
		{0CC3F1D2-A34D-492E-A72C-DB51587C2E70}.AppStore|Any CPU.Build.0 = Release|Any CPU
		{0CC3F1D2-A34D-492E-A72C-DB51587C2E70}.AppStore|ARM.ActiveCfg = Release|Any CPU
		{0CC3F1D2-A34D-492E-A72C-DB51587C2E70}.AppStore|ARM.Build.0 = Release|Any CPU
		{0CC3F1D2-A34D-492E-A72C-DB51587C2E70}.AppStore|ARM64.ActiveCfg = Release|Any CPU
		{0CC3F1D2-A34D-492E-A72C-DB51587C2E70}.AppStore|ARM64.Build.0 = Release|Any CPU
		{0CC3F1D2-A34D-492E-A72C-DB51587C2E70}.AppStore|iPhone.ActiveCfg = Release|Any CPU
		{0CC3F1D2-A34D-492E-A72C-DB51587C2E70}.AppStore|iPhone.Build.0 = Release|Any CPU
		{0CC3F1D2-A34D-492E-A72C-DB51587C2E70}.AppStore|iPhoneSimulator.ActiveCfg = Release|Any CPU
		{0CC3F1D2-A34D-492E-A72C-DB51587C2E70}.AppStore|iPhoneSimulator.Build.0 = Release|Any CPU
		{0CC3F1D2-A34D-492E-A72C-DB51587C2E70}.AppStore|x64.ActiveCfg = Release|Any CPU
		{0CC3F1D2-A34D-492E-A72C-DB51587C2E70}.AppStore|x64.Build.0 = Release|Any CPU
		{0CC3F1D2-A34D-492E-A72C-DB51587C2E70}.AppStore|x86.ActiveCfg = Release|Any CPU
		{0CC3F1D2-A34D-492E-A72C-DB51587C2E70}.AppStore|x86.Build.0 = Release|Any CPU
		{0CC3F1D2-A34D-492E-A72C-DB51587C2E70}.Debug|Any CPU.ActiveCfg = Debug|Any CPU
		{0CC3F1D2-A34D-492E-A72C-DB51587C2E70}.Debug|Any CPU.Build.0 = Debug|Any CPU
		{0CC3F1D2-A34D-492E-A72C-DB51587C2E70}.Debug|ARM.ActiveCfg = Debug|Any CPU
		{0CC3F1D2-A34D-492E-A72C-DB51587C2E70}.Debug|ARM.Build.0 = Debug|Any CPU
		{0CC3F1D2-A34D-492E-A72C-DB51587C2E70}.Debug|ARM64.ActiveCfg = Debug|Any CPU
		{0CC3F1D2-A34D-492E-A72C-DB51587C2E70}.Debug|ARM64.Build.0 = Debug|Any CPU
		{0CC3F1D2-A34D-492E-A72C-DB51587C2E70}.Debug|iPhone.ActiveCfg = Debug|Any CPU
		{0CC3F1D2-A34D-492E-A72C-DB51587C2E70}.Debug|iPhone.Build.0 = Debug|Any CPU
		{0CC3F1D2-A34D-492E-A72C-DB51587C2E70}.Debug|iPhoneSimulator.ActiveCfg = Debug|Any CPU
		{0CC3F1D2-A34D-492E-A72C-DB51587C2E70}.Debug|iPhoneSimulator.Build.0 = Debug|Any CPU
		{0CC3F1D2-A34D-492E-A72C-DB51587C2E70}.Debug|x64.ActiveCfg = Debug|Any CPU
		{0CC3F1D2-A34D-492E-A72C-DB51587C2E70}.Debug|x64.Build.0 = Debug|Any CPU
		{0CC3F1D2-A34D-492E-A72C-DB51587C2E70}.Debug|x86.ActiveCfg = Debug|Any CPU
		{0CC3F1D2-A34D-492E-A72C-DB51587C2E70}.Debug|x86.Build.0 = Debug|Any CPU
		{0CC3F1D2-A34D-492E-A72C-DB51587C2E70}.Release|Any CPU.ActiveCfg = Release|Any CPU
		{0CC3F1D2-A34D-492E-A72C-DB51587C2E70}.Release|Any CPU.Build.0 = Release|Any CPU
		{0CC3F1D2-A34D-492E-A72C-DB51587C2E70}.Release|ARM.ActiveCfg = Release|Any CPU
		{0CC3F1D2-A34D-492E-A72C-DB51587C2E70}.Release|ARM.Build.0 = Release|Any CPU
		{0CC3F1D2-A34D-492E-A72C-DB51587C2E70}.Release|ARM64.ActiveCfg = Release|Any CPU
		{0CC3F1D2-A34D-492E-A72C-DB51587C2E70}.Release|ARM64.Build.0 = Release|Any CPU
		{0CC3F1D2-A34D-492E-A72C-DB51587C2E70}.Release|iPhone.ActiveCfg = Release|Any CPU
		{0CC3F1D2-A34D-492E-A72C-DB51587C2E70}.Release|iPhone.Build.0 = Release|Any CPU
		{0CC3F1D2-A34D-492E-A72C-DB51587C2E70}.Release|iPhoneSimulator.ActiveCfg = Release|Any CPU
		{0CC3F1D2-A34D-492E-A72C-DB51587C2E70}.Release|iPhoneSimulator.Build.0 = Release|Any CPU
		{0CC3F1D2-A34D-492E-A72C-DB51587C2E70}.Release|x64.ActiveCfg = Release|Any CPU
		{0CC3F1D2-A34D-492E-A72C-DB51587C2E70}.Release|x64.Build.0 = Release|Any CPU
		{0CC3F1D2-A34D-492E-A72C-DB51587C2E70}.Release|x86.ActiveCfg = Release|Any CPU
		{0CC3F1D2-A34D-492E-A72C-DB51587C2E70}.Release|x86.Build.0 = Release|Any CPU
		{47C42BDD-1774-43D1-A3C9-F4A7261190B6}.Ad-Hoc|Any CPU.ActiveCfg = Debug|iPhoneSimulator
		{47C42BDD-1774-43D1-A3C9-F4A7261190B6}.Ad-Hoc|Any CPU.Build.0 = Debug|iPhoneSimulator
		{47C42BDD-1774-43D1-A3C9-F4A7261190B6}.Ad-Hoc|ARM.ActiveCfg = Debug|iPhoneSimulator
		{47C42BDD-1774-43D1-A3C9-F4A7261190B6}.Ad-Hoc|ARM.Build.0 = Debug|iPhoneSimulator
		{47C42BDD-1774-43D1-A3C9-F4A7261190B6}.Ad-Hoc|ARM64.ActiveCfg = Debug|iPhoneSimulator
		{47C42BDD-1774-43D1-A3C9-F4A7261190B6}.Ad-Hoc|ARM64.Build.0 = Debug|iPhoneSimulator
		{47C42BDD-1774-43D1-A3C9-F4A7261190B6}.Ad-Hoc|iPhone.ActiveCfg = Debug|iPhoneSimulator
		{47C42BDD-1774-43D1-A3C9-F4A7261190B6}.Ad-Hoc|iPhone.Build.0 = Debug|iPhoneSimulator
		{47C42BDD-1774-43D1-A3C9-F4A7261190B6}.Ad-Hoc|iPhoneSimulator.ActiveCfg = Debug|iPhoneSimulator
		{47C42BDD-1774-43D1-A3C9-F4A7261190B6}.Ad-Hoc|iPhoneSimulator.Build.0 = Debug|iPhoneSimulator
		{47C42BDD-1774-43D1-A3C9-F4A7261190B6}.Ad-Hoc|x64.ActiveCfg = Debug|iPhoneSimulator
		{47C42BDD-1774-43D1-A3C9-F4A7261190B6}.Ad-Hoc|x64.Build.0 = Debug|iPhoneSimulator
		{47C42BDD-1774-43D1-A3C9-F4A7261190B6}.Ad-Hoc|x86.ActiveCfg = Debug|iPhoneSimulator
		{47C42BDD-1774-43D1-A3C9-F4A7261190B6}.Ad-Hoc|x86.Build.0 = Debug|iPhoneSimulator
		{47C42BDD-1774-43D1-A3C9-F4A7261190B6}.AppStore|Any CPU.ActiveCfg = Debug|iPhoneSimulator
		{47C42BDD-1774-43D1-A3C9-F4A7261190B6}.AppStore|Any CPU.Build.0 = Debug|iPhoneSimulator
		{47C42BDD-1774-43D1-A3C9-F4A7261190B6}.AppStore|ARM.ActiveCfg = Debug|iPhoneSimulator
		{47C42BDD-1774-43D1-A3C9-F4A7261190B6}.AppStore|ARM.Build.0 = Debug|iPhoneSimulator
		{47C42BDD-1774-43D1-A3C9-F4A7261190B6}.AppStore|ARM64.ActiveCfg = Debug|iPhoneSimulator
		{47C42BDD-1774-43D1-A3C9-F4A7261190B6}.AppStore|ARM64.Build.0 = Debug|iPhoneSimulator
		{47C42BDD-1774-43D1-A3C9-F4A7261190B6}.AppStore|iPhone.ActiveCfg = Debug|iPhoneSimulator
		{47C42BDD-1774-43D1-A3C9-F4A7261190B6}.AppStore|iPhone.Build.0 = Debug|iPhoneSimulator
		{47C42BDD-1774-43D1-A3C9-F4A7261190B6}.AppStore|iPhoneSimulator.ActiveCfg = Debug|iPhoneSimulator
		{47C42BDD-1774-43D1-A3C9-F4A7261190B6}.AppStore|iPhoneSimulator.Build.0 = Debug|iPhoneSimulator
		{47C42BDD-1774-43D1-A3C9-F4A7261190B6}.AppStore|x64.ActiveCfg = Debug|iPhoneSimulator
		{47C42BDD-1774-43D1-A3C9-F4A7261190B6}.AppStore|x64.Build.0 = Debug|iPhoneSimulator
		{47C42BDD-1774-43D1-A3C9-F4A7261190B6}.AppStore|x86.ActiveCfg = Debug|iPhoneSimulator
		{47C42BDD-1774-43D1-A3C9-F4A7261190B6}.AppStore|x86.Build.0 = Debug|iPhoneSimulator
		{47C42BDD-1774-43D1-A3C9-F4A7261190B6}.Debug|Any CPU.ActiveCfg = Debug|iPhoneSimulator
		{47C42BDD-1774-43D1-A3C9-F4A7261190B6}.Debug|ARM.ActiveCfg = Debug|iPhoneSimulator
		{47C42BDD-1774-43D1-A3C9-F4A7261190B6}.Debug|ARM64.ActiveCfg = Debug|iPhoneSimulator
		{47C42BDD-1774-43D1-A3C9-F4A7261190B6}.Debug|iPhone.ActiveCfg = Debug|iPhoneSimulator
		{47C42BDD-1774-43D1-A3C9-F4A7261190B6}.Debug|iPhoneSimulator.ActiveCfg = Debug|iPhoneSimulator
		{47C42BDD-1774-43D1-A3C9-F4A7261190B6}.Debug|iPhoneSimulator.Build.0 = Debug|iPhoneSimulator
		{47C42BDD-1774-43D1-A3C9-F4A7261190B6}.Debug|x64.ActiveCfg = Debug|iPhoneSimulator
		{47C42BDD-1774-43D1-A3C9-F4A7261190B6}.Debug|x86.ActiveCfg = Debug|iPhoneSimulator
		{47C42BDD-1774-43D1-A3C9-F4A7261190B6}.Release|Any CPU.ActiveCfg = Release|iPhoneSimulator
		{47C42BDD-1774-43D1-A3C9-F4A7261190B6}.Release|ARM.ActiveCfg = Release|iPhoneSimulator
		{47C42BDD-1774-43D1-A3C9-F4A7261190B6}.Release|ARM64.ActiveCfg = Release|iPhoneSimulator
		{47C42BDD-1774-43D1-A3C9-F4A7261190B6}.Release|iPhone.ActiveCfg = Release|iPhoneSimulator
		{47C42BDD-1774-43D1-A3C9-F4A7261190B6}.Release|iPhoneSimulator.ActiveCfg = Release|iPhoneSimulator
		{47C42BDD-1774-43D1-A3C9-F4A7261190B6}.Release|iPhoneSimulator.Build.0 = Release|iPhoneSimulator
		{47C42BDD-1774-43D1-A3C9-F4A7261190B6}.Release|x64.ActiveCfg = Release|iPhoneSimulator
		{47C42BDD-1774-43D1-A3C9-F4A7261190B6}.Release|x86.ActiveCfg = Release|iPhoneSimulator
		{4FF00295-948C-4D76-8412-8C8CEF2BD7A7}.Ad-Hoc|Any CPU.ActiveCfg = Release|Any CPU
		{4FF00295-948C-4D76-8412-8C8CEF2BD7A7}.Ad-Hoc|Any CPU.Build.0 = Release|Any CPU
		{4FF00295-948C-4D76-8412-8C8CEF2BD7A7}.Ad-Hoc|ARM.ActiveCfg = Release|Any CPU
		{4FF00295-948C-4D76-8412-8C8CEF2BD7A7}.Ad-Hoc|ARM.Build.0 = Release|Any CPU
		{4FF00295-948C-4D76-8412-8C8CEF2BD7A7}.Ad-Hoc|ARM64.ActiveCfg = Release|Any CPU
		{4FF00295-948C-4D76-8412-8C8CEF2BD7A7}.Ad-Hoc|ARM64.Build.0 = Release|Any CPU
		{4FF00295-948C-4D76-8412-8C8CEF2BD7A7}.Ad-Hoc|iPhone.ActiveCfg = Release|Any CPU
		{4FF00295-948C-4D76-8412-8C8CEF2BD7A7}.Ad-Hoc|iPhone.Build.0 = Release|Any CPU
		{4FF00295-948C-4D76-8412-8C8CEF2BD7A7}.Ad-Hoc|iPhoneSimulator.ActiveCfg = Release|Any CPU
		{4FF00295-948C-4D76-8412-8C8CEF2BD7A7}.Ad-Hoc|iPhoneSimulator.Build.0 = Release|Any CPU
		{4FF00295-948C-4D76-8412-8C8CEF2BD7A7}.Ad-Hoc|x64.ActiveCfg = Release|Any CPU
		{4FF00295-948C-4D76-8412-8C8CEF2BD7A7}.Ad-Hoc|x64.Build.0 = Release|Any CPU
		{4FF00295-948C-4D76-8412-8C8CEF2BD7A7}.Ad-Hoc|x86.ActiveCfg = Release|Any CPU
		{4FF00295-948C-4D76-8412-8C8CEF2BD7A7}.Ad-Hoc|x86.Build.0 = Release|Any CPU
		{4FF00295-948C-4D76-8412-8C8CEF2BD7A7}.AppStore|Any CPU.ActiveCfg = Release|Any CPU
		{4FF00295-948C-4D76-8412-8C8CEF2BD7A7}.AppStore|Any CPU.Build.0 = Release|Any CPU
		{4FF00295-948C-4D76-8412-8C8CEF2BD7A7}.AppStore|ARM.ActiveCfg = Release|Any CPU
		{4FF00295-948C-4D76-8412-8C8CEF2BD7A7}.AppStore|ARM.Build.0 = Release|Any CPU
		{4FF00295-948C-4D76-8412-8C8CEF2BD7A7}.AppStore|ARM64.ActiveCfg = Release|Any CPU
		{4FF00295-948C-4D76-8412-8C8CEF2BD7A7}.AppStore|ARM64.Build.0 = Release|Any CPU
		{4FF00295-948C-4D76-8412-8C8CEF2BD7A7}.AppStore|iPhone.ActiveCfg = Release|Any CPU
		{4FF00295-948C-4D76-8412-8C8CEF2BD7A7}.AppStore|iPhone.Build.0 = Release|Any CPU
		{4FF00295-948C-4D76-8412-8C8CEF2BD7A7}.AppStore|iPhoneSimulator.ActiveCfg = Release|Any CPU
		{4FF00295-948C-4D76-8412-8C8CEF2BD7A7}.AppStore|iPhoneSimulator.Build.0 = Release|Any CPU
		{4FF00295-948C-4D76-8412-8C8CEF2BD7A7}.AppStore|x64.ActiveCfg = Release|Any CPU
		{4FF00295-948C-4D76-8412-8C8CEF2BD7A7}.AppStore|x64.Build.0 = Release|Any CPU
		{4FF00295-948C-4D76-8412-8C8CEF2BD7A7}.AppStore|x86.ActiveCfg = Release|Any CPU
		{4FF00295-948C-4D76-8412-8C8CEF2BD7A7}.AppStore|x86.Build.0 = Release|Any CPU
		{4FF00295-948C-4D76-8412-8C8CEF2BD7A7}.Debug|Any CPU.ActiveCfg = Debug|Any CPU
		{4FF00295-948C-4D76-8412-8C8CEF2BD7A7}.Debug|Any CPU.Build.0 = Debug|Any CPU
		{4FF00295-948C-4D76-8412-8C8CEF2BD7A7}.Debug|ARM.ActiveCfg = Debug|Any CPU
		{4FF00295-948C-4D76-8412-8C8CEF2BD7A7}.Debug|ARM.Build.0 = Debug|Any CPU
		{4FF00295-948C-4D76-8412-8C8CEF2BD7A7}.Debug|ARM64.ActiveCfg = Debug|Any CPU
		{4FF00295-948C-4D76-8412-8C8CEF2BD7A7}.Debug|ARM64.Build.0 = Debug|Any CPU
		{4FF00295-948C-4D76-8412-8C8CEF2BD7A7}.Debug|iPhone.ActiveCfg = Debug|Any CPU
		{4FF00295-948C-4D76-8412-8C8CEF2BD7A7}.Debug|iPhone.Build.0 = Debug|Any CPU
		{4FF00295-948C-4D76-8412-8C8CEF2BD7A7}.Debug|iPhoneSimulator.ActiveCfg = Debug|Any CPU
		{4FF00295-948C-4D76-8412-8C8CEF2BD7A7}.Debug|iPhoneSimulator.Build.0 = Debug|Any CPU
		{4FF00295-948C-4D76-8412-8C8CEF2BD7A7}.Debug|x64.ActiveCfg = Debug|Any CPU
		{4FF00295-948C-4D76-8412-8C8CEF2BD7A7}.Debug|x64.Build.0 = Debug|Any CPU
		{4FF00295-948C-4D76-8412-8C8CEF2BD7A7}.Debug|x86.ActiveCfg = Debug|Any CPU
		{4FF00295-948C-4D76-8412-8C8CEF2BD7A7}.Debug|x86.Build.0 = Debug|Any CPU
		{4FF00295-948C-4D76-8412-8C8CEF2BD7A7}.Release|Any CPU.ActiveCfg = Release|Any CPU
		{4FF00295-948C-4D76-8412-8C8CEF2BD7A7}.Release|Any CPU.Build.0 = Release|Any CPU
		{4FF00295-948C-4D76-8412-8C8CEF2BD7A7}.Release|ARM.ActiveCfg = Release|Any CPU
		{4FF00295-948C-4D76-8412-8C8CEF2BD7A7}.Release|ARM.Build.0 = Release|Any CPU
		{4FF00295-948C-4D76-8412-8C8CEF2BD7A7}.Release|ARM64.ActiveCfg = Release|Any CPU
		{4FF00295-948C-4D76-8412-8C8CEF2BD7A7}.Release|ARM64.Build.0 = Release|Any CPU
		{4FF00295-948C-4D76-8412-8C8CEF2BD7A7}.Release|iPhone.ActiveCfg = Release|Any CPU
		{4FF00295-948C-4D76-8412-8C8CEF2BD7A7}.Release|iPhone.Build.0 = Release|Any CPU
		{4FF00295-948C-4D76-8412-8C8CEF2BD7A7}.Release|iPhoneSimulator.ActiveCfg = Release|Any CPU
		{4FF00295-948C-4D76-8412-8C8CEF2BD7A7}.Release|iPhoneSimulator.Build.0 = Release|Any CPU
		{4FF00295-948C-4D76-8412-8C8CEF2BD7A7}.Release|x64.ActiveCfg = Release|Any CPU
		{4FF00295-948C-4D76-8412-8C8CEF2BD7A7}.Release|x64.Build.0 = Release|Any CPU
		{4FF00295-948C-4D76-8412-8C8CEF2BD7A7}.Release|x86.ActiveCfg = Release|Any CPU
		{4FF00295-948C-4D76-8412-8C8CEF2BD7A7}.Release|x86.Build.0 = Release|Any CPU
		{0B4AEF48-88E9-40F7-84D7-78E18B598046}.Ad-Hoc|Any CPU.ActiveCfg = Release|Any CPU
		{0B4AEF48-88E9-40F7-84D7-78E18B598046}.Ad-Hoc|Any CPU.Build.0 = Release|Any CPU
		{0B4AEF48-88E9-40F7-84D7-78E18B598046}.Ad-Hoc|ARM.ActiveCfg = Release|Any CPU
		{0B4AEF48-88E9-40F7-84D7-78E18B598046}.Ad-Hoc|ARM.Build.0 = Release|Any CPU
		{0B4AEF48-88E9-40F7-84D7-78E18B598046}.Ad-Hoc|ARM64.ActiveCfg = Release|Any CPU
		{0B4AEF48-88E9-40F7-84D7-78E18B598046}.Ad-Hoc|ARM64.Build.0 = Release|Any CPU
		{0B4AEF48-88E9-40F7-84D7-78E18B598046}.Ad-Hoc|iPhone.ActiveCfg = Release|Any CPU
		{0B4AEF48-88E9-40F7-84D7-78E18B598046}.Ad-Hoc|iPhone.Build.0 = Release|Any CPU
		{0B4AEF48-88E9-40F7-84D7-78E18B598046}.Ad-Hoc|iPhoneSimulator.ActiveCfg = Release|Any CPU
		{0B4AEF48-88E9-40F7-84D7-78E18B598046}.Ad-Hoc|iPhoneSimulator.Build.0 = Release|Any CPU
		{0B4AEF48-88E9-40F7-84D7-78E18B598046}.Ad-Hoc|x64.ActiveCfg = Release|Any CPU
		{0B4AEF48-88E9-40F7-84D7-78E18B598046}.Ad-Hoc|x64.Build.0 = Release|Any CPU
		{0B4AEF48-88E9-40F7-84D7-78E18B598046}.Ad-Hoc|x86.ActiveCfg = Release|Any CPU
		{0B4AEF48-88E9-40F7-84D7-78E18B598046}.Ad-Hoc|x86.Build.0 = Release|Any CPU
		{0B4AEF48-88E9-40F7-84D7-78E18B598046}.AppStore|Any CPU.ActiveCfg = Release|Any CPU
		{0B4AEF48-88E9-40F7-84D7-78E18B598046}.AppStore|Any CPU.Build.0 = Release|Any CPU
		{0B4AEF48-88E9-40F7-84D7-78E18B598046}.AppStore|ARM.ActiveCfg = Release|Any CPU
		{0B4AEF48-88E9-40F7-84D7-78E18B598046}.AppStore|ARM.Build.0 = Release|Any CPU
		{0B4AEF48-88E9-40F7-84D7-78E18B598046}.AppStore|ARM64.ActiveCfg = Release|Any CPU
		{0B4AEF48-88E9-40F7-84D7-78E18B598046}.AppStore|ARM64.Build.0 = Release|Any CPU
		{0B4AEF48-88E9-40F7-84D7-78E18B598046}.AppStore|iPhone.ActiveCfg = Release|Any CPU
		{0B4AEF48-88E9-40F7-84D7-78E18B598046}.AppStore|iPhone.Build.0 = Release|Any CPU
		{0B4AEF48-88E9-40F7-84D7-78E18B598046}.AppStore|iPhoneSimulator.ActiveCfg = Release|Any CPU
		{0B4AEF48-88E9-40F7-84D7-78E18B598046}.AppStore|iPhoneSimulator.Build.0 = Release|Any CPU
		{0B4AEF48-88E9-40F7-84D7-78E18B598046}.AppStore|x64.ActiveCfg = Release|Any CPU
		{0B4AEF48-88E9-40F7-84D7-78E18B598046}.AppStore|x64.Build.0 = Release|Any CPU
		{0B4AEF48-88E9-40F7-84D7-78E18B598046}.AppStore|x86.ActiveCfg = Release|Any CPU
		{0B4AEF48-88E9-40F7-84D7-78E18B598046}.AppStore|x86.Build.0 = Release|Any CPU
		{0B4AEF48-88E9-40F7-84D7-78E18B598046}.Debug|Any CPU.ActiveCfg = Debug|Any CPU
		{0B4AEF48-88E9-40F7-84D7-78E18B598046}.Debug|Any CPU.Build.0 = Debug|Any CPU
		{0B4AEF48-88E9-40F7-84D7-78E18B598046}.Debug|ARM.ActiveCfg = Debug|Any CPU
		{0B4AEF48-88E9-40F7-84D7-78E18B598046}.Debug|ARM.Build.0 = Debug|Any CPU
		{0B4AEF48-88E9-40F7-84D7-78E18B598046}.Debug|ARM64.ActiveCfg = Debug|Any CPU
		{0B4AEF48-88E9-40F7-84D7-78E18B598046}.Debug|ARM64.Build.0 = Debug|Any CPU
		{0B4AEF48-88E9-40F7-84D7-78E18B598046}.Debug|iPhone.ActiveCfg = Debug|Any CPU
		{0B4AEF48-88E9-40F7-84D7-78E18B598046}.Debug|iPhone.Build.0 = Debug|Any CPU
		{0B4AEF48-88E9-40F7-84D7-78E18B598046}.Debug|iPhoneSimulator.ActiveCfg = Debug|Any CPU
		{0B4AEF48-88E9-40F7-84D7-78E18B598046}.Debug|iPhoneSimulator.Build.0 = Debug|Any CPU
		{0B4AEF48-88E9-40F7-84D7-78E18B598046}.Debug|x64.ActiveCfg = Debug|Any CPU
		{0B4AEF48-88E9-40F7-84D7-78E18B598046}.Debug|x64.Build.0 = Debug|Any CPU
		{0B4AEF48-88E9-40F7-84D7-78E18B598046}.Debug|x86.ActiveCfg = Debug|Any CPU
		{0B4AEF48-88E9-40F7-84D7-78E18B598046}.Debug|x86.Build.0 = Debug|Any CPU
		{0B4AEF48-88E9-40F7-84D7-78E18B598046}.Release|Any CPU.ActiveCfg = Release|Any CPU
		{0B4AEF48-88E9-40F7-84D7-78E18B598046}.Release|Any CPU.Build.0 = Release|Any CPU
		{0B4AEF48-88E9-40F7-84D7-78E18B598046}.Release|ARM.ActiveCfg = Release|Any CPU
		{0B4AEF48-88E9-40F7-84D7-78E18B598046}.Release|ARM.Build.0 = Release|Any CPU
		{0B4AEF48-88E9-40F7-84D7-78E18B598046}.Release|ARM64.ActiveCfg = Release|Any CPU
		{0B4AEF48-88E9-40F7-84D7-78E18B598046}.Release|ARM64.Build.0 = Release|Any CPU
		{0B4AEF48-88E9-40F7-84D7-78E18B598046}.Release|iPhone.ActiveCfg = Release|Any CPU
		{0B4AEF48-88E9-40F7-84D7-78E18B598046}.Release|iPhone.Build.0 = Release|Any CPU
		{0B4AEF48-88E9-40F7-84D7-78E18B598046}.Release|iPhoneSimulator.ActiveCfg = Release|Any CPU
		{0B4AEF48-88E9-40F7-84D7-78E18B598046}.Release|iPhoneSimulator.Build.0 = Release|Any CPU
		{0B4AEF48-88E9-40F7-84D7-78E18B598046}.Release|x64.ActiveCfg = Release|Any CPU
		{0B4AEF48-88E9-40F7-84D7-78E18B598046}.Release|x64.Build.0 = Release|Any CPU
		{0B4AEF48-88E9-40F7-84D7-78E18B598046}.Release|x86.ActiveCfg = Release|Any CPU
		{0B4AEF48-88E9-40F7-84D7-78E18B598046}.Release|x86.Build.0 = Release|Any CPU
		{EC1AF67F-03D7-4C1A-B621-4EA76196C6D4}.Ad-Hoc|Any CPU.ActiveCfg = Release|Any CPU
		{EC1AF67F-03D7-4C1A-B621-4EA76196C6D4}.Ad-Hoc|Any CPU.Build.0 = Release|Any CPU
		{EC1AF67F-03D7-4C1A-B621-4EA76196C6D4}.Ad-Hoc|ARM.ActiveCfg = Release|Any CPU
		{EC1AF67F-03D7-4C1A-B621-4EA76196C6D4}.Ad-Hoc|ARM.Build.0 = Release|Any CPU
		{EC1AF67F-03D7-4C1A-B621-4EA76196C6D4}.Ad-Hoc|ARM64.ActiveCfg = Release|Any CPU
		{EC1AF67F-03D7-4C1A-B621-4EA76196C6D4}.Ad-Hoc|ARM64.Build.0 = Release|Any CPU
		{EC1AF67F-03D7-4C1A-B621-4EA76196C6D4}.Ad-Hoc|iPhone.ActiveCfg = Release|Any CPU
		{EC1AF67F-03D7-4C1A-B621-4EA76196C6D4}.Ad-Hoc|iPhone.Build.0 = Release|Any CPU
		{EC1AF67F-03D7-4C1A-B621-4EA76196C6D4}.Ad-Hoc|iPhoneSimulator.ActiveCfg = Release|Any CPU
		{EC1AF67F-03D7-4C1A-B621-4EA76196C6D4}.Ad-Hoc|iPhoneSimulator.Build.0 = Release|Any CPU
		{EC1AF67F-03D7-4C1A-B621-4EA76196C6D4}.Ad-Hoc|x64.ActiveCfg = Release|Any CPU
		{EC1AF67F-03D7-4C1A-B621-4EA76196C6D4}.Ad-Hoc|x64.Build.0 = Release|Any CPU
		{EC1AF67F-03D7-4C1A-B621-4EA76196C6D4}.Ad-Hoc|x86.ActiveCfg = Release|Any CPU
		{EC1AF67F-03D7-4C1A-B621-4EA76196C6D4}.Ad-Hoc|x86.Build.0 = Release|Any CPU
		{EC1AF67F-03D7-4C1A-B621-4EA76196C6D4}.AppStore|Any CPU.ActiveCfg = Release|Any CPU
		{EC1AF67F-03D7-4C1A-B621-4EA76196C6D4}.AppStore|Any CPU.Build.0 = Release|Any CPU
		{EC1AF67F-03D7-4C1A-B621-4EA76196C6D4}.AppStore|ARM.ActiveCfg = Release|Any CPU
		{EC1AF67F-03D7-4C1A-B621-4EA76196C6D4}.AppStore|ARM.Build.0 = Release|Any CPU
		{EC1AF67F-03D7-4C1A-B621-4EA76196C6D4}.AppStore|ARM64.ActiveCfg = Release|Any CPU
		{EC1AF67F-03D7-4C1A-B621-4EA76196C6D4}.AppStore|ARM64.Build.0 = Release|Any CPU
		{EC1AF67F-03D7-4C1A-B621-4EA76196C6D4}.AppStore|iPhone.ActiveCfg = Release|Any CPU
		{EC1AF67F-03D7-4C1A-B621-4EA76196C6D4}.AppStore|iPhone.Build.0 = Release|Any CPU
		{EC1AF67F-03D7-4C1A-B621-4EA76196C6D4}.AppStore|iPhoneSimulator.ActiveCfg = Release|Any CPU
		{EC1AF67F-03D7-4C1A-B621-4EA76196C6D4}.AppStore|iPhoneSimulator.Build.0 = Release|Any CPU
		{EC1AF67F-03D7-4C1A-B621-4EA76196C6D4}.AppStore|x64.ActiveCfg = Release|Any CPU
		{EC1AF67F-03D7-4C1A-B621-4EA76196C6D4}.AppStore|x64.Build.0 = Release|Any CPU
		{EC1AF67F-03D7-4C1A-B621-4EA76196C6D4}.AppStore|x86.ActiveCfg = Release|Any CPU
		{EC1AF67F-03D7-4C1A-B621-4EA76196C6D4}.AppStore|x86.Build.0 = Release|Any CPU
		{EC1AF67F-03D7-4C1A-B621-4EA76196C6D4}.Debug|Any CPU.ActiveCfg = Debug|Any CPU
		{EC1AF67F-03D7-4C1A-B621-4EA76196C6D4}.Debug|Any CPU.Build.0 = Debug|Any CPU
		{EC1AF67F-03D7-4C1A-B621-4EA76196C6D4}.Debug|ARM.ActiveCfg = Debug|Any CPU
		{EC1AF67F-03D7-4C1A-B621-4EA76196C6D4}.Debug|ARM.Build.0 = Debug|Any CPU
		{EC1AF67F-03D7-4C1A-B621-4EA76196C6D4}.Debug|ARM64.ActiveCfg = Debug|Any CPU
		{EC1AF67F-03D7-4C1A-B621-4EA76196C6D4}.Debug|ARM64.Build.0 = Debug|Any CPU
		{EC1AF67F-03D7-4C1A-B621-4EA76196C6D4}.Debug|iPhone.ActiveCfg = Debug|Any CPU
		{EC1AF67F-03D7-4C1A-B621-4EA76196C6D4}.Debug|iPhone.Build.0 = Debug|Any CPU
		{EC1AF67F-03D7-4C1A-B621-4EA76196C6D4}.Debug|iPhoneSimulator.ActiveCfg = Debug|Any CPU
		{EC1AF67F-03D7-4C1A-B621-4EA76196C6D4}.Debug|iPhoneSimulator.Build.0 = Debug|Any CPU
		{EC1AF67F-03D7-4C1A-B621-4EA76196C6D4}.Debug|x64.ActiveCfg = Debug|Any CPU
		{EC1AF67F-03D7-4C1A-B621-4EA76196C6D4}.Debug|x64.Build.0 = Debug|Any CPU
		{EC1AF67F-03D7-4C1A-B621-4EA76196C6D4}.Debug|x86.ActiveCfg = Debug|Any CPU
		{EC1AF67F-03D7-4C1A-B621-4EA76196C6D4}.Debug|x86.Build.0 = Debug|Any CPU
		{EC1AF67F-03D7-4C1A-B621-4EA76196C6D4}.Release|Any CPU.ActiveCfg = Release|Any CPU
		{EC1AF67F-03D7-4C1A-B621-4EA76196C6D4}.Release|Any CPU.Build.0 = Release|Any CPU
		{EC1AF67F-03D7-4C1A-B621-4EA76196C6D4}.Release|ARM.ActiveCfg = Release|Any CPU
		{EC1AF67F-03D7-4C1A-B621-4EA76196C6D4}.Release|ARM.Build.0 = Release|Any CPU
		{EC1AF67F-03D7-4C1A-B621-4EA76196C6D4}.Release|ARM64.ActiveCfg = Release|Any CPU
		{EC1AF67F-03D7-4C1A-B621-4EA76196C6D4}.Release|ARM64.Build.0 = Release|Any CPU
		{EC1AF67F-03D7-4C1A-B621-4EA76196C6D4}.Release|iPhone.ActiveCfg = Release|Any CPU
		{EC1AF67F-03D7-4C1A-B621-4EA76196C6D4}.Release|iPhone.Build.0 = Release|Any CPU
		{EC1AF67F-03D7-4C1A-B621-4EA76196C6D4}.Release|iPhoneSimulator.ActiveCfg = Release|Any CPU
		{EC1AF67F-03D7-4C1A-B621-4EA76196C6D4}.Release|iPhoneSimulator.Build.0 = Release|Any CPU
		{EC1AF67F-03D7-4C1A-B621-4EA76196C6D4}.Release|x64.ActiveCfg = Release|Any CPU
		{EC1AF67F-03D7-4C1A-B621-4EA76196C6D4}.Release|x64.Build.0 = Release|Any CPU
		{EC1AF67F-03D7-4C1A-B621-4EA76196C6D4}.Release|x86.ActiveCfg = Release|Any CPU
		{EC1AF67F-03D7-4C1A-B621-4EA76196C6D4}.Release|x86.Build.0 = Release|Any CPU
	EndGlobalSection
	GlobalSection(SolutionProperties) = preSolution
		HideSolutionNode = FALSE
	EndGlobalSection
	GlobalSection(ExtensibilityGlobals) = postSolution
		SolutionGuid = {95683149-5B22-4052-AE52-4ABFD31FBF87}
	EndGlobalSection
EndGlobal
